Microsoft Visual Studio Solution File, Format Version 12.00
# Visual Studio 15
VisualStudioVersion = 15.0.26730.15
MinimumVisualStudioVersion = 10.0.40219.1
Project("{FAE04EC0-301F-11D3-BF4B-00C04F79EFBC}") = "DataLaundry", "DataLaundry\DataLaundry.csproj", "{E1312D42-8139-44C8-B686-BDCA1E9BA237}"
EndProject
Project("{FAE04EC0-301F-11D3-BF4B-00C04F79EFBC}") = "ConsoleDebugger", "ConsoleDebugger\ConsoleDebugger.csproj", "{BC39BDD5-F931-42ED-896C-1DCF91A3EAE2}"
EndProject
Project("{FAE04EC0-301F-11D3-BF4B-00C04F79EFBC}") = "DBLayer", "DBLayer\DBLayer.csproj", "{BAD2413F-2811-4D36-9ADA-9F85C1A9943F}"
EndProject
Global
	GlobalSection(SolutionConfigurationPlatforms) = preSolution
		Debug|Any CPU = Debug|Any CPU
		Release|Any CPU = Release|Any CPU
	EndGlobalSection
	GlobalSection(ProjectConfigurationPlatforms) = postSolution
		{E1312D42-8139-44C8-B686-BDCA1E9BA237}.Debug|Any CPU.ActiveCfg = Debug|Any CPU
		{E1312D42-8139-44C8-B686-BDCA1E9BA237}.Debug|Any CPU.Build.0 = Debug|Any CPU
		{E1312D42-8139-44C8-B686-BDCA1E9BA237}.Release|Any CPU.ActiveCfg = Release|Any CPU
		{E1312D42-8139-44C8-B686-BDCA1E9BA237}.Release|Any CPU.Build.0 = Release|Any CPU
		{BC39BDD5-F931-42ED-896C-1DCF91A3EAE2}.Debug|Any CPU.ActiveCfg = Debug|Any CPU
		{BC39BDD5-F931-42ED-896C-1DCF91A3EAE2}.Debug|Any CPU.Build.0 = Debug|Any CPU
		{BC39BDD5-F931-42ED-896C-1DCF91A3EAE2}.Release|Any CPU.ActiveCfg = Release|Any CPU
		{BC39BDD5-F931-42ED-896C-1DCF91A3EAE2}.Release|Any CPU.Build.0 = Release|Any CPU
		{BAD2413F-2811-4D36-9ADA-9F85C1A9943F}.Debug|Any CPU.ActiveCfg = Debug|Any CPU
		{BAD2413F-2811-4D36-9ADA-9F85C1A9943F}.Debug|Any CPU.Build.0 = Debug|Any CPU
		{BAD2413F-2811-4D36-9ADA-9F85C1A9943F}.Release|Any CPU.ActiveCfg = Release|Any CPU
		{BAD2413F-2811-4D36-9ADA-9F85C1A9943F}.Release|Any CPU.Build.0 = Release|Any CPU
	EndGlobalSection
	GlobalSection(SolutionProperties) = preSolution
		HideSolutionNode = FALSE
	EndGlobalSection
	GlobalSection(ExtensibilityGlobals) = postSolution
		SolutionGuid = {9B0AAAF4-EB6F-4D41-B241-2F9F8FEBB6F5}
	EndGlobalSection
EndGlobal
